// !$*UTF8*$!
{
	archiveVersion = 1;
	classes = {
	};
	objectVersion = 46;
	objects = {

/* Begin PBXBuildFile section */
		093842391C20537C009A2467 /* BMButton.m in Sources */ = {isa = PBXBuildFile; fileRef = 093842381C20537C009A2467 /* BMButton.m */; settings = {ASSET_TAGS = (); }; };
/* End PBXBuildFile section */

/* Begin PBXCopyFilesBuildPhase section */
		0928AC321C1EFC7400923505 /* CopyFiles */ = {
			isa = PBXCopyFilesBuildPhase;
			buildActionMask = 2147483647;
			dstPath = "include/$(PRODUCT_NAME)";
			dstSubfolderSpec = 16;
			files = (
			);
			runOnlyForDeploymentPostprocessing = 0;
		};
/* End PBXCopyFilesBuildPhase section */

/* Begin PBXFileReference section */
		0928AC341C1EFC7400923505 /* libBWPlayer.a */ = {isa = PBXFileReference; explicitFileType = archive.ar; includeInIndex = 0; path = libBWPlayer.a; sourceTree = BUILT_PRODUCTS_DIR; };
		0928AC871C200FF100923505 /* BWPlayer.h */ = {isa = PBXFileReference; lastKnownFileType = sourcecode.c.h; path = BWPlayer.h; sourceTree = "<group>"; };
		0928AC881C200FF100923505 /* BWPlayer.m */ = {isa = PBXFileReference; lastKnownFileType = sourcecode.c.objc; path = BWPlayer.m; sourceTree = "<group>"; };
		093842371C20537C009A2467 /* BMButton.h */ = {isa = PBXFileReference; fileEncoding = 4; lastKnownFileType = sourcecode.c.h; path = BMButton.h; sourceTree = "<group>"; };
		093842381C20537C009A2467 /* BMButton.m */ = {isa = PBXFileReference; fileEncoding = 4; lastKnownFileType = sourcecode.c.objc; path = BMButton.m; sourceTree = "<group>"; };
/* End PBXFileReference section */

/* Begin PBXFrameworksBuildPhase section */
		0928AC311C1EFC7400923505 /* Frameworks */ = {
			isa = PBXFrameworksBuildPhase;
			buildActionMask = 2147483647;
			files = (
			);
			runOnlyForDeploymentPostprocessing = 0;
		};
/* End PBXFrameworksBuildPhase section */

/* Begin PBXGroup section */
		0928AC2B1C1EFC7400923505 = {
			isa = PBXGroup;
			children = (
				0928AC861C200FF100923505 /* BWPlayer */,
				0928AC351C1EFC7400923505 /* Products */,
			);
			sourceTree = "<group>";
		};
		0928AC351C1EFC7400923505 /* Products */ = {
			isa = PBXGroup;
			children = (
				0928AC341C1EFC7400923505 /* libBWPlayer.a */,
			);
			name = Products;
			sourceTree = "<group>";
		};
		0928AC861C200FF100923505 /* BWPlayer */ = {
			isa = PBXGroup;
			children = (
				0928AC871C200FF100923505 /* BWPlayer.h */,
				0928AC881C200FF100923505 /* BWPlayer.m */,
				093842371C20537C009A2467 /* BMButton.h */,
				093842381C20537C009A2467 /* BMButton.m */,
			);
			path = BWPlayer;
			sourceTree = "<group>";
		};
/* End PBXGroup section */

/* Begin PBXNativeTarget section */
		0928AC331C1EFC7400923505 /* BWPlayer */ = {
			isa = PBXNativeTarget;
			buildConfigurationList = 0928AC3D1C1EFC7400923505 /* Build configuration list for PBXNativeTarget "BWPlayer" */;
			buildPhases = (
				0928AC301C1EFC7400923505 /* Sources */,
				0928AC311C1EFC7400923505 /* Frameworks */,
				0928AC321C1EFC7400923505 /* CopyFiles */,
			);
			buildRules = (
			);
			dependencies = (
			);
			name = BWPlayer;
			productName = BWPlayer;
			productReference = 0928AC341C1EFC7400923505 /* libBWPlayer.a */;
			productType = "com.apple.product-type.library.static";
		};
/* End PBXNativeTarget section */

/* Begin PBXProject section */
		0928AC2C1C1EFC7400923505 /* Project object */ = {
			isa = PBXProject;
			attributes = {
				LastUpgradeCheck = 0700;
				ORGANIZATIONNAME = liuxiangtao;
				TargetAttributes = {
					0928AC331C1EFC7400923505 = {
						CreatedOnToolsVersion = 7.0;
					};
				};
			};
			buildConfigurationList = 0928AC2F1C1EFC7400923505 /* Build configuration list for PBXProject "BWPlayer" */;
			compatibilityVersion = "Xcode 3.2";
			developmentRegion = English;
			hasScannedForEncodings = 0;
			knownRegions = (
				en,
			);
			mainGroup = 0928AC2B1C1EFC7400923505;
			productRefGroup = 0928AC351C1EFC7400923505 /* Products */;
			projectDirPath = "";
			projectRoot = "";
			targets = (
				0928AC331C1EFC7400923505 /* BWPlayer */,
			);
		};
/* End PBXProject section */

/* Begin PBXSourcesBuildPhase section */
		0928AC301C1EFC7400923505 /* Sources */ = {
			isa = PBXSourcesBuildPhase;
			buildActionMask = 2147483647;
			files = (
				093842391C20537C009A2467 /* BMButton.m in Sources */,
			);
			runOnlyForDeploymentPostprocessing = 0;
		};
/* End PBXSourcesBuildPhase section */

/* Begin XCBuildConfiguration section */
		0928AC3B1C1EFC7400923505 /* Debug */ = {
			isa = XCBuildConfiguration;
			buildSettings = {
				ALWAYS_SEARCH_USER_PATHS = NO;
				CLANG_CXX_LANGUAGE_STANDARD = "gnu++0x";
				CLANG_CXX_LIBRARY = "libc++";
				CLANG_ENABLE_MODULES = YES;
				CLANG_ENABLE_OBJC_ARC = YES;
				CLANG_WARN_BOOL_CONVERSION = YES;
				CLANG_WARN_CONSTANT_CONVERSION = YES;
				CLANG_WARN_DIRECT_OBJC_ISA_USAGE = YES_ERROR;
				CLANG_WARN_EMPTY_BODY = YES;
				CLANG_WARN_ENUM_CONVERSION = YES;
				CLANG_WARN_INT_CONVERSION = YES;
				CLANG_WARN_OBJC_ROOT_CLASS = YES_ERROR;
				CLANG_WARN_UNREACHABLE_CODE = YES;
				CLANG_WARN__DUPLICATE_METHOD_MATCH = YES;
				COPY_PHASE_STRIP = NO;
				DEBUG_INFORMATION_FORMAT = dwarf;
				ENABLE_STRICT_OBJC_MSGSEND = YES;
				ENABLE_TESTABILITY = YES;
				GCC_C_LANGUAGE_STANDARD = gnu99;
				GCC_DYNAMIC_NO_PIC = NO;
				GCC_NO_COMMON_BLOCKS = YES;
				GCC_OPTIMIZATION_LEVEL = 0;
				GCC_PREPROCESSOR_DEFINITIONS = (
					"DEBUG=1",
					"$(inherited)",
				);
				GCC_WARN_64_TO_32_BIT_CONVERSION = YES;
				GCC_WARN_ABOUT_RETURN_TYPE = YES_ERROR;
				GCC_WARN_UNDECLARED_SELECTOR = YES;
				GCC_WARN_UNINITIALIZED_AUTOS = YES_AGGRESSIVE;
				GCC_WARN_UNUSED_FUNCTION = YES;
				GCC_WARN_UNUSED_VARIABLE = YES;
				IPHONEOS_DEPLOYMENT_TARGET = 7.0;
				MTL_ENABLE_DEBUG_INFO = YES;
				ONLY_ACTIVE_ARCH = YES;
				SDKROOT = iphoneos;
			};
			name = Debug;
		};
		0928AC3C1C1EFC7400923505 /* Release */ = {
			isa = XCBuildConfiguration;
			buildSettings = {
				ALWAYS_SEARCH_USER_PATHS = NO;
				CLANG_CXX_LANGUAGE_STANDARD = "gnu++0x";
				CLANG_CXX_LIBRARY = "libc++";
				CLANG_ENABLE_MODULES = YES;
				CLANG_ENABLE_OBJC_ARC = YES;
				CLANG_WARN_BOOL_CONVERSION = YES;
				CLANG_WARN_CONSTANT_CONVERSION = YES;
				CLANG_WARN_DIRECT_OBJC_ISA_USAGE = YES_ERROR;
				CLANG_WARN_EMPTY_BODY = YES;
				CLANG_WARN_ENUM_CONVERSION = YES;
				CLANG_WARN_INT_CONVERSION = YES;
				CLANG_WARN_OBJC_ROOT_CLASS = YES_ERROR;
				CLANG_WARN_UNREACHABLE_CODE = YES;
				CLANG_WARN__DUPLICATE_METHOD_MATCH = YES;
				COPY_PHASE_STRIP = NO;
				DEBUG_INFORMATION_FORMAT = "dwarf-with-dsym";
				ENABLE_NS_ASSERTIONS = NO;
				ENABLE_STRICT_OBJC_MSGSEND = YES;
				GCC_C_LANGUAGE_STANDARD = gnu99;
				GCC_NO_COMMON_BLOCKS = YES;
				GCC_WARN_64_TO_32_BIT_CONVERSION = YES;
				GCC_WARN_ABOUT_RETURN_TYPE = YES_ERROR;
				GCC_WARN_UNDECLARED_SELECTOR = YES;
				GCC_WARN_UNINITIALIZED_AUTOS = YES_AGGRESSIVE;
				GCC_WARN_UNUSED_FUNCTION = YES;
				GCC_WARN_UNUSED_VARIABLE = YES;
				IPHONEOS_DEPLOYMENT_TARGET = 7.0;
				MTL_ENABLE_DEBUG_INFO = NO;
				SDKROOT = iphoneos;
				VALIDATE_PRODUCT = YES;
			};
			name = Release;
		};
		0928AC3E1C1EFC7400923505 /* Debug */ = {
			isa = XCBuildConfiguration;
			buildSettings = {
				CONFIGURATION_BUILD_DIR = "output/$(CONFIGURATION)$(EFFECTIVE_PLATFORM_NAME)";
				OTHER_LDFLAGS = "-ObjC";
				PRODUCT_NAME = "$(TARGET_NAME)";
				SKIP_INSTALL = YES;
			};
			name = Debug;
		};
		0928AC3F1C1EFC7400923505 /* Release */ = {
			isa = XCBuildConfiguration;
			buildSettings = {
				OTHER_LDFLAGS = "-ObjC";
				PRODUCT_NAME = "$(TARGET_NAME)";
				SKIP_INSTALL = YES;
			};
			name = Release;
		};
/* End XCBuildConfiguration section */

/* Begin XCConfigurationList section */
		0928AC2F1C1EFC7400923505 /* Build configuration list for PBXProject "BWPlayer" */ = {
			isa = XCConfigurationList;
			buildConfigurations = (
				0928AC3B1C1EFC7400923505 /* Debug */,
				0928AC3C1C1EFC7400923505 /* Release */,
			);
			defaultConfigurationIsVisible = 0;
			defaultConfigurationName = Release;
		};
		0928AC3D1C1EFC7400923505 /* Build configuration list for PBXNativeTarget "BWPlayer" */ = {
			isa = XCConfigurationList;
			buildConfigurations = (
				0928AC3E1C1EFC7400923505 /* Debug */,
				0928AC3F1C1EFC7400923505 /* Release */,
			);
			defaultConfigurationIsVisible = 0;
			defaultConfigurationName = Release;
		};
/* End XCConfigurationList section */
	};
	rootObject = 0928AC2C1C1EFC7400923505 /* Project object */;
}
